<?xml version="1.0" encoding="utf-8"?>
<Project ToolsVersion="4.0" xmlns="http://schemas.microsoft.com/developer/msbuild/2003">
  <ItemGroup>
    <Filter Include="library">
      <UniqueIdentifier>{642af806-7a32-47d9-b472-d04f570c99ad}</UniqueIdentifier>
    </Filter>
    <Filter Include="library\tslib">
      <UniqueIdentifier>{308eb968-ddcb-4135-8cbe-5e7da45bcbc9}</UniqueIdentifier>
    </Filter>
    <Filter Include="library\ImGui">
      <UniqueIdentifier>{e88b7fc4-295a-456d-b799-a8170dbc24b7}</UniqueIdentifier>
    </Filter>
    <Filter Include="main">
      <UniqueIdentifier>{c871fa24-fdc5-4c7d-b531-b719e873fcab}</UniqueIdentifier>
    </Filter>
    <Filter Include="sdk">
      <UniqueIdentifier>{29536607-a387-4069-a4a1-1896605a869f}</UniqueIdentifier>
    </Filter>
    <Filter Include="utils">
      <UniqueIdentifier>{9544f4c0-aaf8-472b-9ca8-b96619bf71f9}</UniqueIdentifier>
    </Filter>
    <Filter Include="library\ue4">
      <UniqueIdentifier>{14b1caac-55d1-4879-850b-a0942daa208a}</UniqueIdentifier>
    </Filter>
    <Filter Include="library\minhook">
      <UniqueIdentifier>{4da13263-2c86-4931-88e9-611e783cd71d}</UniqueIdentifier>
    </Filter>
    <Filter Include="library\minhook\dll_resources">
      <UniqueIdentifier>{b2b9bdc6-033b-407d-be73-98a565c5961f}</UniqueIdentifier>
    </Filter>
    <Filter Include="library\minhook\include">
      <UniqueIdentifier>{a3534f6e-dd8e-46bb-a2af-5faaeb328564}</UniqueIdentifier>
    </Filter>
    <Filter Include="library\minhook\src">
      <UniqueIdentifier>{318e2ab6-5f10-4f4d-aea1-49a84b748c0e}</UniqueIdentifier>
    </Filter>
    <Filter Include="library\minhook\src\hde">
      <UniqueIdentifier>{9f29ff68-a1c3-4120-8e42-6514e403781f}</UniqueIdentifier>
    </Filter>
    <Filter Include="fonts">
      <UniqueIdentifier>{03c26132-b894-4bcb-bb5c-26d0811730da}</UniqueIdentifier>
    </Filter>
  </ItemGroup>
  <ItemGroup>
    <ClCompile Include="library\ImGui\imgui.cpp">
      <Filter>library\ImGui</Filter>
    </ClCompile>
    <ClCompile Include="library\ImGui\imgui_draw.cpp">
      <Filter>library\ImGui</Filter>
    </ClCompile>
    <ClCompile Include="library\ImGui\imgui_impl_dx11.cpp">
      <Filter>library\ImGui</Filter>
    </ClCompile>
    <ClCompile Include="library\ImGui\imgui_impl_win32.cpp">
      <Filter>library\ImGui</Filter>
    </ClCompile>
    <ClCompile Include="library\ImGui\imgui_tables.cpp">
      <Filter>library\ImGui</Filter>
    </ClCompile>
    <ClCompile Include="library\ImGui\imgui_widgets.cpp">
      <Filter>library\ImGui</Filter>
    </ClCompile>
    <ClCompile Include="library\tslib\tslib.cpp">
      <Filter>library\tslib</Filter>
    </ClCompile>
    <ClCompile Include="main\main.cpp">
      <Filter>main</Filter>
    </ClCompile>
    <ClCompile Include="utils\engine.cpp">
      <Filter>utils</Filter>
    </ClCompile>
    <ClCompile Include="utils\logger.cpp">
      <Filter>utils</Filter>
    </ClCompile>
    <ClCompile Include="sdk\SDK.cpp">
      <Filter>sdk</Filter>
    </ClCompile>
    <ClCompile Include="library\ue4\Transform.cpp">
      <Filter>library\ue4</Filter>
    </ClCompile>
    <ClCompile Include="library\ue4\UE4.cpp">
      <Filter>library\ue4</Filter>
    </ClCompile>
    <ClCompile Include="library\minhook\src\buffer.c">
      <Filter>library\minhook\src</Filter>
    </ClCompile>
    <ClCompile Include="library\minhook\src\hook.c">
      <Filter>library\minhook\src</Filter>
    </ClCompile>
    <ClCompile Include="library\minhook\src\trampoline.c">
      <Filter>library\minhook\src</Filter>
    </ClCompile>
    <ClCompile Include="library\minhook\src\hde\hde32.c">
      <Filter>library\minhook\src\hde</Filter>
    </ClCompile>
    <ClCompile Include="library\minhook\src\hde\hde64.c">
      <Filter>library\minhook\src\hde</Filter>
    </ClCompile>
  </ItemGroup>
  <ItemGroup>
    <ClInclude Include="library\ImGui\imconfig.h">
      <Filter>library\ImGui</Filter>
    </ClInclude>
    <ClInclude Include="library\ImGui\imgui.h">
      <Filter>library\ImGui</Filter>
    </ClInclude>
    <ClInclude Include="library\ImGui\imgui_impl_dx11.h">
      <Filter>library\ImGui</Filter>
    </ClInclude>
    <ClInclude Include="library\ImGui\imgui_impl_win32.h">
      <Filter>library\ImGui</Filter>
    </ClInclude>
    <ClInclude Include="library\ImGui\imgui_internal.h">
      <Filter>library\ImGui</Filter>
    </ClInclude>
    <ClInclude Include="library\ImGui\imstb_rectpack.h">
      <Filter>library\ImGui</Filter>
    </ClInclude>
    <ClInclude Include="library\ImGui\imstb_textedit.h">
      <Filter>library\ImGui</Filter>
    </ClInclude>
    <ClInclude Include="library\ImGui\imstb_truetype.h">
      <Filter>library\ImGui</Filter>
    </ClInclude>
    <ClInclude Include="library\tslib\tslib.h">
      <Filter>library\tslib</Filter>
    </ClInclude>
    <ClInclude Include="main\main.h">
      <Filter>main</Filter>
    </ClInclude>
    <ClInclude Include="utils\config.h">
      <Filter>utils</Filter>
    </ClInclude>
    <ClInclude Include="utils\engine.h">
      <Filter>utils</Filter>
    </ClInclude>
    <ClInclude Include="utils\logger.h">
      <Filter>utils</Filter>
    </ClInclude>
    <ClInclude Include="sdk\SDK.h">
      <Filter>sdk</Filter>
    </ClInclude>
    <ClInclude Include="utils\cIcons.h">
      <Filter>utils</Filter>
    </ClInclude>
    <ClInclude Include="library\ue4\Transform.h">
      <Filter>library\ue4</Filter>
    </ClInclude>
    <ClInclude Include="library\ue4\UE4.h">
      <Filter>library\ue4</Filter>
    </ClInclude>
    <ClInclude Include="library\ue4\Array.h">
      <Filter>library\ue4</Filter>
    </ClInclude>
    <ClInclude Include="library\ue4\Color.h">
      <Filter>library\ue4</Filter>
    </ClInclude>
    <ClInclude Include="library\ue4\Math.h">
      <Filter>library\ue4</Filter>
    </ClInclude>
    <ClInclude Include="library\ue4\Matrix.h">
      <Filter>library\ue4</Filter>
    </ClInclude>
    <ClInclude Include="library\ue4\Quat.h">
      <Filter>library\ue4</Filter>
    </ClInclude>
    <ClInclude Include="library\ue4\Rotator.h">
      <Filter>library\ue4</Filter>
    </ClInclude>
    <ClInclude Include="library\ue4\Vector.h">
      <Filter>library\ue4</Filter>
    </ClInclude>
    <ClInclude Include="library\ue4\Vector2D.h">
      <Filter>library\ue4</Filter>
    </ClInclude>
    <ClInclude Include="library\ue4\Vector4.h">
      <Filter>library\ue4</Filter>
    </ClInclude>
    <ClInclude Include="library\minhook\include\MinHook.h">
      <Filter>library\minhook\include</Filter>
    </ClInclude>
    <ClInclude Include="library\minhook\src\buffer.h">
      <Filter>library\minhook\src</Filter>
    </ClInclude>
    <ClInclude Include="library\minhook\src\trampoline.h">
      <Filter>library\minhook\src</Filter>
    </ClInclude>
    <ClInclude Include="library\minhook\src\hde\hde32.h">
      <Filter>library\minhook\src\hde</Filter>
    </ClInclude>
    <ClInclude Include="library\minhook\src\hde\hde64.h">
      <Filter>library\minhook\src\hde</Filter>
    </ClInclude>
    <ClInclude Include="library\minhook\src\hde\pstdint.h">
      <Filter>library\minhook\src\hde</Filter>
    </ClInclude>
    <ClInclude Include="library\minhook\src\hde\table32.h">
      <Filter>library\minhook\src\hde</Filter>
    </ClInclude>
    <ClInclude Include="library\minhook\src\hde\table64.h">
      <Filter>library\minhook\src\hde</Filter>
    </ClInclude>
    <ClInclude Include="library\minhook\DirectX11.h">
      <Filter>library\minhook</Filter>
    </ClInclude>
    <ClInclude Include="library\minhook\Global.h">
      <Filter>library\minhook</Filter>
    </ClInclude>
  </ItemGroup>
  <ItemGroup>
    <None Include="library\minhook\dll_resources\MinHook.def">
      <Filter>library\minhook\dll_resources</Filter>
    </None>
  </ItemGroup>
  <ItemGroup>
    <ResourceCompile Include="library\minhook\dll_resources\MinHook.rc">
      <Filter>library\minhook\dll_resources</Filter>
    </ResourceCompile>
  </ItemGroup>
</Project>